
Microsoft Visual Studio Solution File, Format Version 12.00
# Visual Studio Version 16
VisualStudioVersion = 16.0.29201.188
MinimumVisualStudioVersion = 10.0.40219.1
Project("{FAE04EC0-301F-11D3-BF4B-00C04F79EFBC}") = "ex01_VentaConsolas", "ex01_VentaConsolas\ex01_VentaConsolas.csproj", "{59B3C376-0D3E-4D1E-BD02-5D63A6287798}"
EndProject
Global
	GlobalSection(SolutionConfigurationPlatforms) = preSolution
		Debug|Any CPU = Debug|Any CPU
		Release|Any CPU = Release|Any CPU
	EndGlobalSection
	GlobalSection(ProjectConfigurationPlatforms) = postSolution
		{59B3C376-0D3E-4D1E-BD02-5D63A6287798}.Debug|Any CPU.ActiveCfg = Debug|Any CPU
		{59B3C376-0D3E-4D1E-BD02-5D63A6287798}.Debug|Any CPU.Build.0 = Debug|Any CPU
		{59B3C376-0D3E-4D1E-BD02-5D63A6287798}.Release|Any CPU.ActiveCfg = Release|Any CPU
		{59B3C376-0D3E-4D1E-BD02-5D63A6287798}.Release|Any CPU.Build.0 = Release|Any CPU
	EndGlobalSection
	GlobalSection(SolutionProperties) = preSolution
		HideSolutionNode = FALSE
	EndGlobalSection
	GlobalSection(ExtensibilityGlobals) = postSolution
		SolutionGuid = {9463096B-2958-4895-B7D4-4E04712B69EE}
	EndGlobalSection
EndGlobal
