
Microsoft Visual Studio Solution File, Format Version 12.00
# Visual Studio Version 17
VisualStudioVersion = 17.3.32929.385
MinimumVisualStudioVersion = 10.0.40219.1
Project("{FAE04EC0-301F-11D3-BF4B-00C04F79EFBC}") = "Poo_PS_GoF_Prototype", "Poo_PS_GoF_Prototype\Poo_PS_GoF_Prototype.csproj", "{B30D3456-CB4D-46C0-97DB-B00DCA3D1FDE}"
EndProject
Global
	GlobalSection(SolutionConfigurationPlatforms) = preSolution
		Debug|Any CPU = Debug|Any CPU
		Release|Any CPU = Release|Any CPU
	EndGlobalSection
	GlobalSection(ProjectConfigurationPlatforms) = postSolution
		{B30D3456-CB4D-46C0-97DB-B00DCA3D1FDE}.Debug|Any CPU.ActiveCfg = Debug|Any CPU
		{B30D3456-CB4D-46C0-97DB-B00DCA3D1FDE}.Debug|Any CPU.Build.0 = Debug|Any CPU
		{B30D3456-CB4D-46C0-97DB-B00DCA3D1FDE}.Release|Any CPU.ActiveCfg = Release|Any CPU
		{B30D3456-CB4D-46C0-97DB-B00DCA3D1FDE}.Release|Any CPU.Build.0 = Release|Any CPU
	EndGlobalSection
	GlobalSection(SolutionProperties) = preSolution
		HideSolutionNode = FALSE
	EndGlobalSection
	GlobalSection(ExtensibilityGlobals) = postSolution
		SolutionGuid = {B4B541EA-2F1F-4DF3-ADE0-C2AADD634E03}
	EndGlobalSection
EndGlobal
