
Microsoft Visual Studio Solution File, Format Version 12.00
# Visual Studio Version 17
VisualStudioVersion = 17.3.32922.545
MinimumVisualStudioVersion = 10.0.40219.1
Project("{FAE04EC0-301F-11D3-BF4B-00C04F79EFBC}") = "Poo_PS_Adaptador", "Poo_PS_Adaptador\Poo_PS_Adaptador.csproj", "{5F8C4C77-3F74-4F01-A06A-B83D1F877EAF}"
EndProject
Global
	GlobalSection(SolutionConfigurationPlatforms) = preSolution
		Debug|Any CPU = Debug|Any CPU
		Release|Any CPU = Release|Any CPU
	EndGlobalSection
	GlobalSection(ProjectConfigurationPlatforms) = postSolution
		{5F8C4C77-3F74-4F01-A06A-B83D1F877EAF}.Debug|Any CPU.ActiveCfg = Debug|Any CPU
		{5F8C4C77-3F74-4F01-A06A-B83D1F877EAF}.Debug|Any CPU.Build.0 = Debug|Any CPU
		{5F8C4C77-3F74-4F01-A06A-B83D1F877EAF}.Release|Any CPU.ActiveCfg = Release|Any CPU
		{5F8C4C77-3F74-4F01-A06A-B83D1F877EAF}.Release|Any CPU.Build.0 = Release|Any CPU
	EndGlobalSection
	GlobalSection(SolutionProperties) = preSolution
		HideSolutionNode = FALSE
	EndGlobalSection
	GlobalSection(ExtensibilityGlobals) = postSolution
		SolutionGuid = {AB1A2DC5-E732-4CB6-8007-A8187A885B09}
	EndGlobalSection
EndGlobal
