
Microsoft Visual Studio Solution File, Format Version 12.00
# Visual Studio Version 17
VisualStudioVersion = 17.3.32825.248
MinimumVisualStudioVersion = 10.0.40219.1
Project("{FAE04EC0-301F-11D3-BF4B-00C04F79EFBC}") = "Poo_PS_Singleton", "Poo_PS_Singleton\Poo_PS_Singleton.csproj", "{B7DEDA1F-BDD8-4AF3-BEF0-F8B06D40DA65}"
EndProject
Global
	GlobalSection(SolutionConfigurationPlatforms) = preSolution
		Debug|Any CPU = Debug|Any CPU
		Release|Any CPU = Release|Any CPU
	EndGlobalSection
	GlobalSection(ProjectConfigurationPlatforms) = postSolution
		{B7DEDA1F-BDD8-4AF3-BEF0-F8B06D40DA65}.Debug|Any CPU.ActiveCfg = Debug|Any CPU
		{B7DEDA1F-BDD8-4AF3-BEF0-F8B06D40DA65}.Debug|Any CPU.Build.0 = Debug|Any CPU
		{B7DEDA1F-BDD8-4AF3-BEF0-F8B06D40DA65}.Release|Any CPU.ActiveCfg = Release|Any CPU
		{B7DEDA1F-BDD8-4AF3-BEF0-F8B06D40DA65}.Release|Any CPU.Build.0 = Release|Any CPU
	EndGlobalSection
	GlobalSection(SolutionProperties) = preSolution
		HideSolutionNode = FALSE
	EndGlobalSection
	GlobalSection(ExtensibilityGlobals) = postSolution
		SolutionGuid = {9EFB1ABE-FC99-4C3A-A496-EB0752EB24A0}
	EndGlobalSection
EndGlobal
