
Microsoft Visual Studio Solution File, Format Version 12.00
# Visual Studio Version 16
VisualStudioVersion = 16.0.29201.188
MinimumVisualStudioVersion = 10.0.40219.1
Project("{FAE04EC0-301F-11D3-BF4B-00C04F79EFBC}") = "TiendaZapatos_POO", "TiendaZapatos_POO\TiendaZapatos_POO.csproj", "{1BFB2F91-2613-4B30-8E63-DB1C98E236DE}"
EndProject
Global
	GlobalSection(SolutionConfigurationPlatforms) = preSolution
		Debug|Any CPU = Debug|Any CPU
		Release|Any CPU = Release|Any CPU
	EndGlobalSection
	GlobalSection(ProjectConfigurationPlatforms) = postSolution
		{1BFB2F91-2613-4B30-8E63-DB1C98E236DE}.Debug|Any CPU.ActiveCfg = Debug|Any CPU
		{1BFB2F91-2613-4B30-8E63-DB1C98E236DE}.Debug|Any CPU.Build.0 = Debug|Any CPU
		{1BFB2F91-2613-4B30-8E63-DB1C98E236DE}.Release|Any CPU.ActiveCfg = Release|Any CPU
		{1BFB2F91-2613-4B30-8E63-DB1C98E236DE}.Release|Any CPU.Build.0 = Release|Any CPU
	EndGlobalSection
	GlobalSection(SolutionProperties) = preSolution
		HideSolutionNode = FALSE
	EndGlobalSection
	GlobalSection(ExtensibilityGlobals) = postSolution
		SolutionGuid = {FCA3ADBD-E97C-45A9-9552-C1337E60D1E9}
	EndGlobalSection
EndGlobal
