
Microsoft Visual Studio Solution File, Format Version 12.00
# Visual Studio Version 17
VisualStudioVersion = 17.5.33516.290
MinimumVisualStudioVersion = 10.0.40219.1
Project("{FAE04EC0-301F-11D3-BF4B-00C04F79EFBC}") = "FabricaMotocicletas", "FabricaMotocicletas\FabricaMotocicletas.csproj", "{219E5CC1-FC80-409E-A839-0213E3E5D6EF}"
EndProject
Global
	GlobalSection(SolutionConfigurationPlatforms) = preSolution
		Debug|Any CPU = Debug|Any CPU
		Release|Any CPU = Release|Any CPU
	EndGlobalSection
	GlobalSection(ProjectConfigurationPlatforms) = postSolution
		{219E5CC1-FC80-409E-A839-0213E3E5D6EF}.Debug|Any CPU.ActiveCfg = Debug|Any CPU
		{219E5CC1-FC80-409E-A839-0213E3E5D6EF}.Debug|Any CPU.Build.0 = Debug|Any CPU
		{219E5CC1-FC80-409E-A839-0213E3E5D6EF}.Release|Any CPU.ActiveCfg = Release|Any CPU
		{219E5CC1-FC80-409E-A839-0213E3E5D6EF}.Release|Any CPU.Build.0 = Release|Any CPU
	EndGlobalSection
	GlobalSection(SolutionProperties) = preSolution
		HideSolutionNode = FALSE
	EndGlobalSection
	GlobalSection(ExtensibilityGlobals) = postSolution
		SolutionGuid = {CB643E77-DC24-40C1-9913-1B349D2E6961}
	EndGlobalSection
EndGlobal
