
Microsoft Visual Studio Solution File, Format Version 12.00
# Visual Studio Version 17
VisualStudioVersion = 17.5.33516.290
MinimumVisualStudioVersion = 10.0.40219.1
Project("{FAE04EC0-301F-11D3-BF4B-00C04F79EFBC}") = "Poo_PS_GoF_Singleton", "Poo_PS_GoF_Singleton\Poo_PS_GoF_Singleton.csproj", "{382AB3B0-DB3A-4C73-8CB4-896E23895FD1}"
EndProject
Global
	GlobalSection(SolutionConfigurationPlatforms) = preSolution
		Debug|Any CPU = Debug|Any CPU
		Release|Any CPU = Release|Any CPU
	EndGlobalSection
	GlobalSection(ProjectConfigurationPlatforms) = postSolution
		{382AB3B0-DB3A-4C73-8CB4-896E23895FD1}.Debug|Any CPU.ActiveCfg = Debug|Any CPU
		{382AB3B0-DB3A-4C73-8CB4-896E23895FD1}.Debug|Any CPU.Build.0 = Debug|Any CPU
		{382AB3B0-DB3A-4C73-8CB4-896E23895FD1}.Release|Any CPU.ActiveCfg = Release|Any CPU
		{382AB3B0-DB3A-4C73-8CB4-896E23895FD1}.Release|Any CPU.Build.0 = Release|Any CPU
	EndGlobalSection
	GlobalSection(SolutionProperties) = preSolution
		HideSolutionNode = FALSE
	EndGlobalSection
	GlobalSection(ExtensibilityGlobals) = postSolution
		SolutionGuid = {CA6D347F-FB0C-43A2-AB4B-468C55249C74}
	EndGlobalSection
EndGlobal
