
Microsoft Visual Studio Solution File, Format Version 12.00
# Visual Studio Version 17
VisualStudioVersion = 17.3.32825.248
MinimumVisualStudioVersion = 10.0.40219.1
Project("{FAE04EC0-301F-11D3-BF4B-00C04F79EFBC}") = "FrutasNutritivas", "FrutasNutritivas\FrutasNutritivas.csproj", "{84E345B1-7E2D-4085-BE3B-B3802C30665C}"
EndProject
Project("{FAE04EC0-301F-11D3-BF4B-00C04F79EFBC}") = "FrutasNutritivas.Logica", "LogicaFrutas\FrutasNutritivas.Logica.csproj", "{E454FB3F-43E1-4042-8365-F44A8801043A}"
EndProject
Global
	GlobalSection(SolutionConfigurationPlatforms) = preSolution
		Debug|Any CPU = Debug|Any CPU
		Release|Any CPU = Release|Any CPU
	EndGlobalSection
	GlobalSection(ProjectConfigurationPlatforms) = postSolution
		{84E345B1-7E2D-4085-BE3B-B3802C30665C}.Debug|Any CPU.ActiveCfg = Debug|Any CPU
		{84E345B1-7E2D-4085-BE3B-B3802C30665C}.Debug|Any CPU.Build.0 = Debug|Any CPU
		{84E345B1-7E2D-4085-BE3B-B3802C30665C}.Release|Any CPU.ActiveCfg = Release|Any CPU
		{84E345B1-7E2D-4085-BE3B-B3802C30665C}.Release|Any CPU.Build.0 = Release|Any CPU
		{E454FB3F-43E1-4042-8365-F44A8801043A}.Debug|Any CPU.ActiveCfg = Debug|Any CPU
		{E454FB3F-43E1-4042-8365-F44A8801043A}.Debug|Any CPU.Build.0 = Debug|Any CPU
		{E454FB3F-43E1-4042-8365-F44A8801043A}.Release|Any CPU.ActiveCfg = Release|Any CPU
		{E454FB3F-43E1-4042-8365-F44A8801043A}.Release|Any CPU.Build.0 = Release|Any CPU
	EndGlobalSection
	GlobalSection(SolutionProperties) = preSolution
		HideSolutionNode = FALSE
	EndGlobalSection
	GlobalSection(ExtensibilityGlobals) = postSolution
		SolutionGuid = {AE83A1DE-4CC6-4888-8F25-89DD7D635B4C}
	EndGlobalSection
EndGlobal
