
Microsoft Visual Studio Solution File, Format Version 12.00
# Visual Studio Version 17
VisualStudioVersion = 17.5.33516.290
MinimumVisualStudioVersion = 10.0.40219.1
Project("{FAE04EC0-301F-11D3-BF4B-00C04F79EFBC}") = "EX02_RiesgoInundacion", "EX02_RiesgoInundacion\EX02_RiesgoInundacion.csproj", "{893BF1C4-C3BF-4C71-A149-F80D83313DDF}"
EndProject
Project("{FAE04EC0-301F-11D3-BF4B-00C04F79EFBC}") = "LogicaInundacion", "LogicaInundacion\LogicaInundacion.csproj", "{82E3CFD2-6956-44C2-9A22-9ED1609E3E91}"
EndProject
Global
	GlobalSection(SolutionConfigurationPlatforms) = preSolution
		Debug|Any CPU = Debug|Any CPU
		Release|Any CPU = Release|Any CPU
	EndGlobalSection
	GlobalSection(ProjectConfigurationPlatforms) = postSolution
		{893BF1C4-C3BF-4C71-A149-F80D83313DDF}.Debug|Any CPU.ActiveCfg = Debug|Any CPU
		{893BF1C4-C3BF-4C71-A149-F80D83313DDF}.Debug|Any CPU.Build.0 = Debug|Any CPU
		{893BF1C4-C3BF-4C71-A149-F80D83313DDF}.Release|Any CPU.ActiveCfg = Release|Any CPU
		{893BF1C4-C3BF-4C71-A149-F80D83313DDF}.Release|Any CPU.Build.0 = Release|Any CPU
		{82E3CFD2-6956-44C2-9A22-9ED1609E3E91}.Debug|Any CPU.ActiveCfg = Debug|Any CPU
		{82E3CFD2-6956-44C2-9A22-9ED1609E3E91}.Debug|Any CPU.Build.0 = Debug|Any CPU
		{82E3CFD2-6956-44C2-9A22-9ED1609E3E91}.Release|Any CPU.ActiveCfg = Release|Any CPU
		{82E3CFD2-6956-44C2-9A22-9ED1609E3E91}.Release|Any CPU.Build.0 = Release|Any CPU
	EndGlobalSection
	GlobalSection(SolutionProperties) = preSolution
		HideSolutionNode = FALSE
	EndGlobalSection
	GlobalSection(ExtensibilityGlobals) = postSolution
		SolutionGuid = {F62CC4B4-3F59-41EA-9D12-D54A51A32D62}
	EndGlobalSection
EndGlobal
