
Microsoft Visual Studio Solution File, Format Version 12.00
# Visual Studio Version 17
VisualStudioVersion = 17.3.32922.545
MinimumVisualStudioVersion = 10.0.40219.1
Project("{FAE04EC0-301F-11D3-BF4B-00C04F79EFBC}") = "Poo_PS_Builder", "Poo_PS_Builder\Poo_PS_Builder.csproj", "{FC6B50F2-3869-4DD3-9E25-CAADB7EA1E09}"
EndProject
Global
	GlobalSection(SolutionConfigurationPlatforms) = preSolution
		Debug|Any CPU = Debug|Any CPU
		Release|Any CPU = Release|Any CPU
	EndGlobalSection
	GlobalSection(ProjectConfigurationPlatforms) = postSolution
		{FC6B50F2-3869-4DD3-9E25-CAADB7EA1E09}.Debug|Any CPU.ActiveCfg = Debug|Any CPU
		{FC6B50F2-3869-4DD3-9E25-CAADB7EA1E09}.Debug|Any CPU.Build.0 = Debug|Any CPU
		{FC6B50F2-3869-4DD3-9E25-CAADB7EA1E09}.Release|Any CPU.ActiveCfg = Release|Any CPU
		{FC6B50F2-3869-4DD3-9E25-CAADB7EA1E09}.Release|Any CPU.Build.0 = Release|Any CPU
	EndGlobalSection
	GlobalSection(SolutionProperties) = preSolution
		HideSolutionNode = FALSE
	EndGlobalSection
	GlobalSection(ExtensibilityGlobals) = postSolution
		SolutionGuid = {A102853F-0278-41BA-A3F5-41FD002AB2FD}
	EndGlobalSection
EndGlobal
