
Microsoft Visual Studio Solution File, Format Version 12.00
# Visual Studio Version 17
VisualStudioVersion = 17.2.32630.192
MinimumVisualStudioVersion = 10.0.40219.1
Project("{FAE04EC0-301F-11D3-BF4B-00C04F79EFBC}") = "MonitoreoQuebradas", "MonitoreoQuebradas\MonitoreoQuebradas.csproj", "{8DD629A5-D7E7-4D35-B260-56B9C26444A6}"
EndProject
Global
	GlobalSection(SolutionConfigurationPlatforms) = preSolution
		Debug|Any CPU = Debug|Any CPU
		Release|Any CPU = Release|Any CPU
	EndGlobalSection
	GlobalSection(ProjectConfigurationPlatforms) = postSolution
		{8DD629A5-D7E7-4D35-B260-56B9C26444A6}.Debug|Any CPU.ActiveCfg = Debug|Any CPU
		{8DD629A5-D7E7-4D35-B260-56B9C26444A6}.Debug|Any CPU.Build.0 = Debug|Any CPU
		{8DD629A5-D7E7-4D35-B260-56B9C26444A6}.Release|Any CPU.ActiveCfg = Release|Any CPU
		{8DD629A5-D7E7-4D35-B260-56B9C26444A6}.Release|Any CPU.Build.0 = Release|Any CPU
	EndGlobalSection
	GlobalSection(SolutionProperties) = preSolution
		HideSolutionNode = FALSE
	EndGlobalSection
	GlobalSection(ExtensibilityGlobals) = postSolution
		SolutionGuid = {AD64C669-5961-456A-B162-B4CB953F019C}
	EndGlobalSection
EndGlobal
