
Microsoft Visual Studio Solution File, Format Version 12.00
# Visual Studio Version 17
VisualStudioVersion = 17.4.33103.184
MinimumVisualStudioVersion = 10.0.40219.1
Project("{FAE04EC0-301F-11D3-BF4B-00C04F79EFBC}") = "MonitoreoQuebradas", "MonitoreoQuebradas\MonitoreoQuebradas.csproj", "{869382CB-C1C3-4BF1-8EEE-A581DBB511FE}"
EndProject
Project("{FAE04EC0-301F-11D3-BF4B-00C04F79EFBC}") = "PruebasMonitoreo", "PruebasMonitoreo\PruebasMonitoreo.csproj", "{B9ED5121-D16C-403D-BE7D-25301CAE6D77}"
EndProject
Global
	GlobalSection(SolutionConfigurationPlatforms) = preSolution
		Debug|Any CPU = Debug|Any CPU
		Release|Any CPU = Release|Any CPU
	EndGlobalSection
	GlobalSection(ProjectConfigurationPlatforms) = postSolution
		{869382CB-C1C3-4BF1-8EEE-A581DBB511FE}.Debug|Any CPU.ActiveCfg = Debug|Any CPU
		{869382CB-C1C3-4BF1-8EEE-A581DBB511FE}.Debug|Any CPU.Build.0 = Debug|Any CPU
		{869382CB-C1C3-4BF1-8EEE-A581DBB511FE}.Release|Any CPU.ActiveCfg = Release|Any CPU
		{869382CB-C1C3-4BF1-8EEE-A581DBB511FE}.Release|Any CPU.Build.0 = Release|Any CPU
		{B9ED5121-D16C-403D-BE7D-25301CAE6D77}.Debug|Any CPU.ActiveCfg = Debug|Any CPU
		{B9ED5121-D16C-403D-BE7D-25301CAE6D77}.Debug|Any CPU.Build.0 = Debug|Any CPU
		{B9ED5121-D16C-403D-BE7D-25301CAE6D77}.Release|Any CPU.ActiveCfg = Release|Any CPU
		{B9ED5121-D16C-403D-BE7D-25301CAE6D77}.Release|Any CPU.Build.0 = Release|Any CPU
	EndGlobalSection
	GlobalSection(SolutionProperties) = preSolution
		HideSolutionNode = FALSE
	EndGlobalSection
	GlobalSection(ExtensibilityGlobals) = postSolution
		SolutionGuid = {FB0A3A5B-96D3-416E-8808-159D585982C2}
	EndGlobalSection
EndGlobal
