
Microsoft Visual Studio Solution File, Format Version 12.00
# Visual Studio Version 17
VisualStudioVersion = 17.4.33205.214
MinimumVisualStudioVersion = 10.0.40219.1
Project("{9A19103F-16F7-4668-BE54-9A1E7A4F7556}") = "TiendaDeZapatos_POO", "TiendaDeZapatos_POO\TiendaDeZapatos_POO.csproj", "{571B263E-324D-438E-948F-5C86271CA978}"
EndProject
Project("{FAE04EC0-301F-11D3-BF4B-00C04F79EFBC}") = "PruebasZapatos", "PruebasZapatos\PruebasZapatos.csproj", "{80BEDE6D-1DBA-4238-8E33-251FA199BDAF}"
EndProject
Global
	GlobalSection(SolutionConfigurationPlatforms) = preSolution
		Debug|Any CPU = Debug|Any CPU
		Release|Any CPU = Release|Any CPU
	EndGlobalSection
	GlobalSection(ProjectConfigurationPlatforms) = postSolution
		{571B263E-324D-438E-948F-5C86271CA978}.Debug|Any CPU.ActiveCfg = Debug|Any CPU
		{571B263E-324D-438E-948F-5C86271CA978}.Debug|Any CPU.Build.0 = Debug|Any CPU
		{571B263E-324D-438E-948F-5C86271CA978}.Release|Any CPU.ActiveCfg = Release|Any CPU
		{571B263E-324D-438E-948F-5C86271CA978}.Release|Any CPU.Build.0 = Release|Any CPU
		{80BEDE6D-1DBA-4238-8E33-251FA199BDAF}.Debug|Any CPU.ActiveCfg = Debug|Any CPU
		{80BEDE6D-1DBA-4238-8E33-251FA199BDAF}.Debug|Any CPU.Build.0 = Debug|Any CPU
		{80BEDE6D-1DBA-4238-8E33-251FA199BDAF}.Release|Any CPU.ActiveCfg = Release|Any CPU
		{80BEDE6D-1DBA-4238-8E33-251FA199BDAF}.Release|Any CPU.Build.0 = Release|Any CPU
	EndGlobalSection
	GlobalSection(SolutionProperties) = preSolution
		HideSolutionNode = FALSE
	EndGlobalSection
	GlobalSection(ExtensibilityGlobals) = postSolution
		SolutionGuid = {EF15357B-987E-4FE9-A4DB-C7465FF81066}
	EndGlobalSection
EndGlobal
