
Microsoft Visual Studio Solution File, Format Version 12.00
# Visual Studio Version 16
VisualStudioVersion = 16.0.29324.140
MinimumVisualStudioVersion = 10.0.40219.1
Project("{FAE04EC0-301F-11D3-BF4B-00C04F79EFBC}") = "Poo_PS_CadenaResponsabilidad", "Poo_PS_CadenaResponsabilidad\Poo_PS_CadenaResponsabilidad.csproj", "{A2AAD79D-4113-40A7-A25C-3B8F9E94FEC3}"
EndProject
Global
	GlobalSection(SolutionConfigurationPlatforms) = preSolution
		Debug|Any CPU = Debug|Any CPU
		Release|Any CPU = Release|Any CPU
	EndGlobalSection
	GlobalSection(ProjectConfigurationPlatforms) = postSolution
		{A2AAD79D-4113-40A7-A25C-3B8F9E94FEC3}.Debug|Any CPU.ActiveCfg = Debug|Any CPU
		{A2AAD79D-4113-40A7-A25C-3B8F9E94FEC3}.Debug|Any CPU.Build.0 = Debug|Any CPU
		{A2AAD79D-4113-40A7-A25C-3B8F9E94FEC3}.Release|Any CPU.ActiveCfg = Release|Any CPU
		{A2AAD79D-4113-40A7-A25C-3B8F9E94FEC3}.Release|Any CPU.Build.0 = Release|Any CPU
	EndGlobalSection
	GlobalSection(SolutionProperties) = preSolution
		HideSolutionNode = FALSE
	EndGlobalSection
	GlobalSection(ExtensibilityGlobals) = postSolution
		SolutionGuid = {AAA8F59F-7CF7-47FC-A4D9-AD9B49EE7497}
	EndGlobalSection
EndGlobal
