
Microsoft Visual Studio Solution File, Format Version 12.00
# Visual Studio Version 17
VisualStudioVersion = 17.5.33516.290
MinimumVisualStudioVersion = 10.0.40219.1
Project("{FAE04EC0-301F-11D3-BF4B-00C04F79EFBC}") = "Poo_PS_GoF_Factory", "Poo_PS_GoF_Factory\Poo_PS_GoF_Factory.csproj", "{EA4D35DA-0EBA-4CCC-953B-383722733CF3}"
EndProject
Global
	GlobalSection(SolutionConfigurationPlatforms) = preSolution
		Debug|Any CPU = Debug|Any CPU
		Release|Any CPU = Release|Any CPU
	EndGlobalSection
	GlobalSection(ProjectConfigurationPlatforms) = postSolution
		{EA4D35DA-0EBA-4CCC-953B-383722733CF3}.Debug|Any CPU.ActiveCfg = Debug|Any CPU
		{EA4D35DA-0EBA-4CCC-953B-383722733CF3}.Debug|Any CPU.Build.0 = Debug|Any CPU
		{EA4D35DA-0EBA-4CCC-953B-383722733CF3}.Release|Any CPU.ActiveCfg = Release|Any CPU
		{EA4D35DA-0EBA-4CCC-953B-383722733CF3}.Release|Any CPU.Build.0 = Release|Any CPU
	EndGlobalSection
	GlobalSection(SolutionProperties) = preSolution
		HideSolutionNode = FALSE
	EndGlobalSection
	GlobalSection(ExtensibilityGlobals) = postSolution
		SolutionGuid = {5B9C12D8-2348-41F7-B756-E184432D8120}
	EndGlobalSection
EndGlobal
