
Microsoft Visual Studio Solution File, Format Version 12.00
# Visual Studio Version 17
VisualStudioVersion = 17.3.32825.248
MinimumVisualStudioVersion = 10.0.40219.1
Project("{FAE04EC0-301F-11D3-BF4B-00C04F79EFBC}") = "ex02_ReforestacionValleAburra", "ex02_ReforestacionValleAburra\ex02_ReforestacionValleAburra.csproj", "{933A03B3-7552-4729-A5D6-208F13F0F27E}"
EndProject
Project("{FAE04EC0-301F-11D3-BF4B-00C04F79EFBC}") = "LogicaReforestacion", "LogicaReforestacion\LogicaReforestacion.csproj", "{A14CAA58-6139-4A75-AED9-C56FF968B7C1}"
EndProject
Global
	GlobalSection(SolutionConfigurationPlatforms) = preSolution
		Debug|Any CPU = Debug|Any CPU
		Release|Any CPU = Release|Any CPU
	EndGlobalSection
	GlobalSection(ProjectConfigurationPlatforms) = postSolution
		{933A03B3-7552-4729-A5D6-208F13F0F27E}.Debug|Any CPU.ActiveCfg = Debug|Any CPU
		{933A03B3-7552-4729-A5D6-208F13F0F27E}.Debug|Any CPU.Build.0 = Debug|Any CPU
		{933A03B3-7552-4729-A5D6-208F13F0F27E}.Release|Any CPU.ActiveCfg = Release|Any CPU
		{933A03B3-7552-4729-A5D6-208F13F0F27E}.Release|Any CPU.Build.0 = Release|Any CPU
		{A14CAA58-6139-4A75-AED9-C56FF968B7C1}.Debug|Any CPU.ActiveCfg = Debug|Any CPU
		{A14CAA58-6139-4A75-AED9-C56FF968B7C1}.Debug|Any CPU.Build.0 = Debug|Any CPU
		{A14CAA58-6139-4A75-AED9-C56FF968B7C1}.Release|Any CPU.ActiveCfg = Release|Any CPU
		{A14CAA58-6139-4A75-AED9-C56FF968B7C1}.Release|Any CPU.Build.0 = Release|Any CPU
	EndGlobalSection
	GlobalSection(SolutionProperties) = preSolution
		HideSolutionNode = FALSE
	EndGlobalSection
	GlobalSection(ExtensibilityGlobals) = postSolution
		SolutionGuid = {8AD288CF-C07D-431C-BFD5-76549D259B5A}
	EndGlobalSection
EndGlobal
